
Microsoft Visual Studio Solution File, Format Version 12.00
# Visual Studio Version 16
VisualStudioVersion = 16.0.33214.272
MinimumVisualStudioVersion = 10.0.40219.1
Project("{FAE04EC0-301F-11D3-BF4B-00C04F79EFBC}") = "investigacion_4", "investigacion_4\investigacion_4.csproj", "{97504DDC-EBB0-4E7E-AA94-73E84D86CF4C}"
EndProject
Global
	GlobalSection(SolutionConfigurationPlatforms) = preSolution
		Debug|Any CPU = Debug|Any CPU
		Release|Any CPU = Release|Any CPU
	EndGlobalSection
	GlobalSection(ProjectConfigurationPlatforms) = postSolution
		{97504DDC-EBB0-4E7E-AA94-73E84D86CF4C}.Debug|Any CPU.ActiveCfg = Debug|Any CPU
		{97504DDC-EBB0-4E7E-AA94-73E84D86CF4C}.Debug|Any CPU.Build.0 = Debug|Any CPU
		{97504DDC-EBB0-4E7E-AA94-73E84D86CF4C}.Release|Any CPU.ActiveCfg = Release|Any CPU
		{97504DDC-EBB0-4E7E-AA94-73E84D86CF4C}.Release|Any CPU.Build.0 = Release|Any CPU
	EndGlobalSection
	GlobalSection(SolutionProperties) = preSolution
		HideSolutionNode = FALSE
	EndGlobalSection
	GlobalSection(ExtensibilityGlobals) = postSolution
		SolutionGuid = {284E1FC1-9088-426B-9F17-4F7CE3E3336F}
	EndGlobalSection
EndGlobal
